{
  "name": "CourseScheduler",
  "lockfileVersion": 3,
  "requires": true,
  "packages": {
    "": {
      "dependencies": {
        "video-length": "^2.0.6"
      }
    },
    "node_modules/video-length": {
      "version": "2.0.6",
      "resolved": "https://registry.npmjs.org/video-length/-/video-length-2.0.6.tgz",
      "integrity": "sha512-vPh0n39/3q2Gdzv93w745bjfNg+DFvhpKCr0GH2ZVYuPCXXYUGmy0fgmJOpk9btiZmAZsBrX/xhwb2tmyEoyBw=="
    }
  }
}
